
Microsoft Visual Studio Solution File, Format Version 12.00
# Visual Studio Version 17
VisualStudioVersion = 17.14.36623.8 d17.14
MinimumVisualStudioVersion = 10.0.40219.1
Project("{FAE04EC0-301F-11D3-BF4B-00C04F79EFBC}") = "Composite", "Composite.csproj", "{568517F8-3F62-47EA-824B-71E7A8DC0958}"
EndProject
Global
	GlobalSection(SolutionConfigurationPlatforms) = preSolution
		Debug|Any CPU = Debug|Any CPU
		Release|Any CPU = Release|Any CPU
	EndGlobalSection
	GlobalSection(ProjectConfigurationPlatforms) = postSolution
		{568517F8-3F62-47EA-824B-71E7A8DC0958}.Debug|Any CPU.ActiveCfg = Debug|Any CPU
		{568517F8-3F62-47EA-824B-71E7A8DC0958}.Debug|Any CPU.Build.0 = Debug|Any CPU
		{568517F8-3F62-47EA-824B-71E7A8DC0958}.Release|Any CPU.ActiveCfg = Release|Any CPU
		{568517F8-3F62-47EA-824B-71E7A8DC0958}.Release|Any CPU.Build.0 = Release|Any CPU
	EndGlobalSection
	GlobalSection(SolutionProperties) = preSolution
		HideSolutionNode = FALSE
	EndGlobalSection
	GlobalSection(ExtensibilityGlobals) = postSolution
		SolutionGuid = {50A9AD6D-ED9C-4DB9-9C85-C75F3841BE92}
	EndGlobalSection
EndGlobal
